
Microsoft Visual Studio Solution File, Format Version 12.00
# Visual Studio Version 16
VisualStudioVersion = 16.0.29403.142
MinimumVisualStudioVersion = 10.0.40219.1
Project("{FAE04EC0-301F-11D3-BF4B-00C04F79EFBC}") = "CA191016", "CA191016\CA191016.csproj", "{5266DB12-2EA4-45CD-9BAC-9C2807A1ED97}"
EndProject
Global
	GlobalSection(SolutionConfigurationPlatforms) = preSolution
		Debug|Any CPU = Debug|Any CPU
		Release|Any CPU = Release|Any CPU
	EndGlobalSection
	GlobalSection(ProjectConfigurationPlatforms) = postSolution
		{5266DB12-2EA4-45CD-9BAC-9C2807A1ED97}.Debug|Any CPU.ActiveCfg = Debug|Any CPU
		{5266DB12-2EA4-45CD-9BAC-9C2807A1ED97}.Debug|Any CPU.Build.0 = Debug|Any CPU
		{5266DB12-2EA4-45CD-9BAC-9C2807A1ED97}.Release|Any CPU.ActiveCfg = Release|Any CPU
		{5266DB12-2EA4-45CD-9BAC-9C2807A1ED97}.Release|Any CPU.Build.0 = Release|Any CPU
	EndGlobalSection
	GlobalSection(SolutionProperties) = preSolution
		HideSolutionNode = FALSE
	EndGlobalSection
	GlobalSection(ExtensibilityGlobals) = postSolution
		SolutionGuid = {E7CDF8A1-E1FD-4369-8AFF-5C2DB7C62587}
	EndGlobalSection
EndGlobal
